
Microsoft Visual Studio Solution File, Format Version 12.00
# Visual Studio Version 16
VisualStudioVersion = 16.0.29102.190
MinimumVisualStudioVersion = 10.0.40219.1
Project("{FAE04EC0-301F-11D3-BF4B-00C04F79EFBC}") = "WFA_TernaryOperatoru", "WFA_TernaryOperatoru\WFA_TernaryOperatoru.csproj", "{DFB076E4-66F2-4B87-8761-24E1A996A06C}"
EndProject
Global
	GlobalSection(SolutionConfigurationPlatforms) = preSolution
		Debug|Any CPU = Debug|Any CPU
		Release|Any CPU = Release|Any CPU
	EndGlobalSection
	GlobalSection(ProjectConfigurationPlatforms) = postSolution
		{DFB076E4-66F2-4B87-8761-24E1A996A06C}.Debug|Any CPU.ActiveCfg = Debug|Any CPU
		{DFB076E4-66F2-4B87-8761-24E1A996A06C}.Debug|Any CPU.Build.0 = Debug|Any CPU
		{DFB076E4-66F2-4B87-8761-24E1A996A06C}.Release|Any CPU.ActiveCfg = Release|Any CPU
		{DFB076E4-66F2-4B87-8761-24E1A996A06C}.Release|Any CPU.Build.0 = Release|Any CPU
	EndGlobalSection
	GlobalSection(SolutionProperties) = preSolution
		HideSolutionNode = FALSE
	EndGlobalSection
	GlobalSection(ExtensibilityGlobals) = postSolution
		SolutionGuid = {121767AE-AEBD-428C-B2D0-AF3E84E0AD25}
	EndGlobalSection
EndGlobal
